PATH
  remote: .
  specs:
    fun_translations (0.0.1)
      faraday (~> 2.14)
      json (~> 2.18)
      zeitwerk (~> 2.7)

GEM
  remote: http://rubygems.org/
  specs:
    faraday (2.14.0)
      faraday-net_http (>= 2.0, < 3.5)
      json
      logger
    faraday-net_http (3.4.2)
      net-http (~> 0.5)
    json (2.18.0)
    logger (1.7.0)
    net-http (0.9.1)
      uri (>= 0.11.1)
    uri (1.1.1)
    zeitwerk (2.7.4)

PLATFORMS
  ruby
  x86_64-linux

DEPENDENCIES
  fun_translations!

CHECKSUMS
  faraday (2.14.0) sha256=8699cfe5d97e55268f2596f9a9d5a43736808a943714e3d9a53e6110593941cd
  faraday-net_http (3.4.2) sha256=f147758260d3526939bf57ecf911682f94926a3666502e24c69992765875906c
  fun_translations (0.0.1)
  json (2.18.0) sha256=b10506aee4183f5cf49e0efc48073d7b75843ce3782c68dbeb763351c08fd505
  logger (1.7.0) sha256=196edec7cc44b66cfb40f9755ce11b392f21f7967696af15d274dde7edff0203
  net-http (0.9.1) sha256=25ba0b67c63e89df626ed8fac771d0ad24ad151a858af2cc8e6a716ca4336996
  uri (1.1.1) sha256=379fa58d27ffb1387eaada68c749d1426738bd0f654d812fcc07e7568f5c57c6
  zeitwerk (2.7.4) sha256=2bef90f356bdafe9a6c2bd32bcd804f83a4f9b8bc27f3600fff051eb3edcec8b

BUNDLED WITH
  4.0.4
